
Microsoft Visual Studio Solution File, Format Version 12.00
# Visual Studio Version 17
VisualStudioVersion = 17.9.34728.123
MinimumVisualStudioVersion = 10.0.40219.1
Project("{2150E333-8FDC-42A3-9474-1A3956D46DE8}") = "src", "src", "{6CB16058-6651-40EF-9D51-E343F61E04D0}"
EndProject
Project("{2150E333-8FDC-42A3-9474-1A3956D46DE8}") = "Services", "Services", "{3966584F-5CEE-4041-AF44-0D88DEA82AF0}"
EndProject
Project("{2150E333-8FDC-42A3-9474-1A3956D46DE8}") = "Learning", "Learning", "{9F17F0FE-EA01-4814-8635-A8F1C022EE68}"
EndProject
Project("{9A19103F-16F7-4668-BE54-9A1E7A4F7556}") = "Learning.API", "src\Services\Learning\Learning.API\Learning.API.csproj", "{E8790B84-BF87-4A54-80FE-0AB4224FCEE0}"
EndProject
Project("{9A19103F-16F7-4668-BE54-9A1E7A4F7556}") = "Learning.Domain", "src\Services\Learning\Learning.Domain\Learning.Domain.csproj", "{4D2F3FD2-3CA4-4EF9-B569-3BDE08CA3187}"
EndProject
Project("{9A19103F-16F7-4668-BE54-9A1E7A4F7556}") = "Learning.DataAccess", "src\Services\Learning\Learning.DataAccess\Learning.DataAccess.csproj", "{0D4D2BFD-D9A1-402E-B2AE-10334BD8AB3F}"
EndProject
Project("{2150E333-8FDC-42A3-9474-1A3956D46DE8}") = "CommonFiles", "CommonFiles", "{9E934029-94A2-4105-A0D6-7F210F844C20}"
EndProject
Project("{9A19103F-16F7-4668-BE54-9A1E7A4F7556}") = "Learning.Infrastructure", "src\Services\Learning\Learning.Infrastructure\Learning.Infrastructure.csproj", "{309892F7-79F7-4453-9B4B-B388143F8336}"
EndProject
Project("{9A19103F-16F7-4668-BE54-9A1E7A4F7556}") = "Learning.Application", "src\Services\Learning\Learning.Application\Learning.Application.csproj", "{EE724157-CEBA-430C-9B55-B0ADC753FF55}"
EndProject
Project("{9A19103F-16F7-4668-BE54-9A1E7A4F7556}") = "CommonFiles", "src\CommonFiles\CommonFiles\CommonFiles.csproj", "{6B53B578-E40C-43A5-87AC-773E0080CDC7}"
EndProject
Project("{2150E333-8FDC-42A3-9474-1A3956D46DE8}") = "Auth", "Auth", "{675B9A6B-5BD8-450B-B257-4E350682CC32}"
EndProject
Project("{9A19103F-16F7-4668-BE54-9A1E7A4F7556}") = "Auth.Domain", "src\Services\Auth\Auth.Domain\Auth.Domain.csproj", "{D6521DBA-4B19-422E-AE8F-DA97BBDDC439}"
EndProject
Project("{9A19103F-16F7-4668-BE54-9A1E7A4F7556}") = "Auth.Infrastructure", "src\Services\Auth\Auth.Infrastructure\Auth.Infrastructure.csproj", "{FE4AE0B0-287A-4B0D-8E26-3274C54C1B80}"
EndProject
Project("{9A19103F-16F7-4668-BE54-9A1E7A4F7556}") = "CommonFiles.Auth", "src\CommonFiles\CommonFiles.Auth\CommonFiles.Auth.csproj", "{42C5D4FE-F0EC-4570-B58E-21A942F3A94B}"
EndProject
Project("{9A19103F-16F7-4668-BE54-9A1E7A4F7556}") = "Auth.DataAccess", "src\Services\Auth\Auth.DataAccess\Auth.DataAccess.csproj", "{D7B290F5-40ED-4CE1-853B-74D1AD631B8C}"
EndProject
Project("{9A19103F-16F7-4668-BE54-9A1E7A4F7556}") = "Auth.Application", "src\Services\Auth\Auth.Application\Auth.Application.csproj", "{BB762DC5-3825-4148-A6D0-E9D11DD805C1}"
EndProject
Project("{9A19103F-16F7-4668-BE54-9A1E7A4F7556}") = "Auth.API", "src\Services\Auth\Auth.API\Auth.API.csproj", "{DA3922A0-CC5D-4024-A9CB-728EC448304F}"
EndProject
Project("{9A19103F-16F7-4668-BE54-9A1E7A4F7556}") = "CommonFiles.Messaging", "src\CommonFiles\CommonFiles.Messaging\CommonFiles.Messaging.csproj", "{515E5394-ADD0-4582-8F37-5DE7D18EDA22}"
EndProject
Global
	GlobalSection(SolutionConfigurationPlatforms) = preSolution
		Debug|Any CPU = Debug|Any CPU
		Release|Any CPU = Release|Any CPU
	EndGlobalSection
	GlobalSection(ProjectConfigurationPlatforms) = postSolution
		{E8790B84-BF87-4A54-80FE-0AB4224FCEE0}.Debug|Any CPU.ActiveCfg = Debug|Any CPU
		{E8790B84-BF87-4A54-80FE-0AB4224FCEE0}.Debug|Any CPU.Build.0 = Debug|Any CPU
		{E8790B84-BF87-4A54-80FE-0AB4224FCEE0}.Release|Any CPU.ActiveCfg = Release|Any CPU
		{E8790B84-BF87-4A54-80FE-0AB4224FCEE0}.Release|Any CPU.Build.0 = Release|Any CPU
		{4D2F3FD2-3CA4-4EF9-B569-3BDE08CA3187}.Debug|Any CPU.ActiveCfg = Debug|Any CPU
		{4D2F3FD2-3CA4-4EF9-B569-3BDE08CA3187}.Debug|Any CPU.Build.0 = Debug|Any CPU
		{4D2F3FD2-3CA4-4EF9-B569-3BDE08CA3187}.Release|Any CPU.ActiveCfg = Release|Any CPU
		{4D2F3FD2-3CA4-4EF9-B569-3BDE08CA3187}.Release|Any CPU.Build.0 = Release|Any CPU
		{0D4D2BFD-D9A1-402E-B2AE-10334BD8AB3F}.Debug|Any CPU.ActiveCfg = Debug|Any CPU
		{0D4D2BFD-D9A1-402E-B2AE-10334BD8AB3F}.Debug|Any CPU.Build.0 = Debug|Any CPU
		{0D4D2BFD-D9A1-402E-B2AE-10334BD8AB3F}.Release|Any CPU.ActiveCfg = Release|Any CPU
		{0D4D2BFD-D9A1-402E-B2AE-10334BD8AB3F}.Release|Any CPU.Build.0 = Release|Any CPU
		{309892F7-79F7-4453-9B4B-B388143F8336}.Debug|Any CPU.ActiveCfg = Debug|Any CPU
		{309892F7-79F7-4453-9B4B-B388143F8336}.Debug|Any CPU.Build.0 = Debug|Any CPU
		{309892F7-79F7-4453-9B4B-B388143F8336}.Release|Any CPU.ActiveCfg = Release|Any CPU
		{309892F7-79F7-4453-9B4B-B388143F8336}.Release|Any CPU.Build.0 = Release|Any CPU
		{EE724157-CEBA-430C-9B55-B0ADC753FF55}.Debug|Any CPU.ActiveCfg = Debug|Any CPU
		{EE724157-CEBA-430C-9B55-B0ADC753FF55}.Debug|Any CPU.Build.0 = Debug|Any CPU
		{EE724157-CEBA-430C-9B55-B0ADC753FF55}.Release|Any CPU.ActiveCfg = Release|Any CPU
		{EE724157-CEBA-430C-9B55-B0ADC753FF55}.Release|Any CPU.Build.0 = Release|Any CPU
		{6B53B578-E40C-43A5-87AC-773E0080CDC7}.Debug|Any CPU.ActiveCfg = Debug|Any CPU
		{6B53B578-E40C-43A5-87AC-773E0080CDC7}.Debug|Any CPU.Build.0 = Debug|Any CPU
		{6B53B578-E40C-43A5-87AC-773E0080CDC7}.Release|Any CPU.ActiveCfg = Release|Any CPU
		{6B53B578-E40C-43A5-87AC-773E0080CDC7}.Release|Any CPU.Build.0 = Release|Any CPU
		{D6521DBA-4B19-422E-AE8F-DA97BBDDC439}.Debug|Any CPU.ActiveCfg = Debug|Any CPU
		{D6521DBA-4B19-422E-AE8F-DA97BBDDC439}.Debug|Any CPU.Build.0 = Debug|Any CPU
		{D6521DBA-4B19-422E-AE8F-DA97BBDDC439}.Release|Any CPU.ActiveCfg = Release|Any CPU
		{D6521DBA-4B19-422E-AE8F-DA97BBDDC439}.Release|Any CPU.Build.0 = Release|Any CPU
		{FE4AE0B0-287A-4B0D-8E26-3274C54C1B80}.Debug|Any CPU.ActiveCfg = Debug|Any CPU
		{FE4AE0B0-287A-4B0D-8E26-3274C54C1B80}.Debug|Any CPU.Build.0 = Debug|Any CPU
		{FE4AE0B0-287A-4B0D-8E26-3274C54C1B80}.Release|Any CPU.ActiveCfg = Release|Any CPU
		{FE4AE0B0-287A-4B0D-8E26-3274C54C1B80}.Release|Any CPU.Build.0 = Release|Any CPU
		{42C5D4FE-F0EC-4570-B58E-21A942F3A94B}.Debug|Any CPU.ActiveCfg = Debug|Any CPU
		{42C5D4FE-F0EC-4570-B58E-21A942F3A94B}.Debug|Any CPU.Build.0 = Debug|Any CPU
		{42C5D4FE-F0EC-4570-B58E-21A942F3A94B}.Release|Any CPU.ActiveCfg = Release|Any CPU
		{42C5D4FE-F0EC-4570-B58E-21A942F3A94B}.Release|Any CPU.Build.0 = Release|Any CPU
		{D7B290F5-40ED-4CE1-853B-74D1AD631B8C}.Debug|Any CPU.ActiveCfg = Debug|Any CPU
		{D7B290F5-40ED-4CE1-853B-74D1AD631B8C}.Debug|Any CPU.Build.0 = Debug|Any CPU
		{D7B290F5-40ED-4CE1-853B-74D1AD631B8C}.Release|Any CPU.ActiveCfg = Release|Any CPU
		{D7B290F5-40ED-4CE1-853B-74D1AD631B8C}.Release|Any CPU.Build.0 = Release|Any CPU
		{BB762DC5-3825-4148-A6D0-E9D11DD805C1}.Debug|Any CPU.ActiveCfg = Debug|Any CPU
		{BB762DC5-3825-4148-A6D0-E9D11DD805C1}.Debug|Any CPU.Build.0 = Debug|Any CPU
		{BB762DC5-3825-4148-A6D0-E9D11DD805C1}.Release|Any CPU.ActiveCfg = Release|Any CPU
		{BB762DC5-3825-4148-A6D0-E9D11DD805C1}.Release|Any CPU.Build.0 = Release|Any CPU
		{DA3922A0-CC5D-4024-A9CB-728EC448304F}.Debug|Any CPU.ActiveCfg = Debug|Any CPU
		{DA3922A0-CC5D-4024-A9CB-728EC448304F}.Debug|Any CPU.Build.0 = Debug|Any CPU
		{DA3922A0-CC5D-4024-A9CB-728EC448304F}.Release|Any CPU.ActiveCfg = Release|Any CPU
		{DA3922A0-CC5D-4024-A9CB-728EC448304F}.Release|Any CPU.Build.0 = Release|Any CPU
		{515E5394-ADD0-4582-8F37-5DE7D18EDA22}.Debug|Any CPU.ActiveCfg = Debug|Any CPU
		{515E5394-ADD0-4582-8F37-5DE7D18EDA22}.Debug|Any CPU.Build.0 = Debug|Any CPU
		{515E5394-ADD0-4582-8F37-5DE7D18EDA22}.Release|Any CPU.ActiveCfg = Release|Any CPU
		{515E5394-ADD0-4582-8F37-5DE7D18EDA22}.Release|Any CPU.Build.0 = Release|Any CPU
	EndGlobalSection
	GlobalSection(SolutionProperties) = preSolution
		HideSolutionNode = FALSE
	EndGlobalSection
	GlobalSection(NestedProjects) = preSolution
		{3966584F-5CEE-4041-AF44-0D88DEA82AF0} = {6CB16058-6651-40EF-9D51-E343F61E04D0}
		{9F17F0FE-EA01-4814-8635-A8F1C022EE68} = {3966584F-5CEE-4041-AF44-0D88DEA82AF0}
		{E8790B84-BF87-4A54-80FE-0AB4224FCEE0} = {9F17F0FE-EA01-4814-8635-A8F1C022EE68}
		{4D2F3FD2-3CA4-4EF9-B569-3BDE08CA3187} = {9F17F0FE-EA01-4814-8635-A8F1C022EE68}
		{0D4D2BFD-D9A1-402E-B2AE-10334BD8AB3F} = {9F17F0FE-EA01-4814-8635-A8F1C022EE68}
		{9E934029-94A2-4105-A0D6-7F210F844C20} = {6CB16058-6651-40EF-9D51-E343F61E04D0}
		{309892F7-79F7-4453-9B4B-B388143F8336} = {9F17F0FE-EA01-4814-8635-A8F1C022EE68}
		{EE724157-CEBA-430C-9B55-B0ADC753FF55} = {9F17F0FE-EA01-4814-8635-A8F1C022EE68}
		{6B53B578-E40C-43A5-87AC-773E0080CDC7} = {9E934029-94A2-4105-A0D6-7F210F844C20}
		{675B9A6B-5BD8-450B-B257-4E350682CC32} = {3966584F-5CEE-4041-AF44-0D88DEA82AF0}
		{D6521DBA-4B19-422E-AE8F-DA97BBDDC439} = {675B9A6B-5BD8-450B-B257-4E350682CC32}
		{FE4AE0B0-287A-4B0D-8E26-3274C54C1B80} = {675B9A6B-5BD8-450B-B257-4E350682CC32}
		{42C5D4FE-F0EC-4570-B58E-21A942F3A94B} = {9E934029-94A2-4105-A0D6-7F210F844C20}
		{D7B290F5-40ED-4CE1-853B-74D1AD631B8C} = {675B9A6B-5BD8-450B-B257-4E350682CC32}
		{BB762DC5-3825-4148-A6D0-E9D11DD805C1} = {675B9A6B-5BD8-450B-B257-4E350682CC32}
		{DA3922A0-CC5D-4024-A9CB-728EC448304F} = {675B9A6B-5BD8-450B-B257-4E350682CC32}
		{515E5394-ADD0-4582-8F37-5DE7D18EDA22} = {9E934029-94A2-4105-A0D6-7F210F844C20}
	EndGlobalSection
	GlobalSection(ExtensibilityGlobals) = postSolution
		SolutionGuid = {7BC0DFF1-2DED-42C2-9100-E2AEF1F29A5F}
	EndGlobalSection
EndGlobal
